// !$*UTF8*$!
{
	archiveVersion = 1;
	classes = {
	};
	objectVersion = 51;
	objects = {

/* Begin PBXBuildFile section */
		1D32A7D5246882CE0077BBA2 /* AppDelegate.swift in Sources */ = {isa = PBXBuildFile; fileRef = 1D32A7D4246882CE0077BBA2 /* AppDelegate.swift */; };
		1D32A7DE246882D30077BBA2 /* Assets.xcassets in Resources */ = {isa = PBXBuildFile; fileRef = 1D32A7DD246882D30077BBA2 /* Assets.xcassets */; };
		1D32A7E1246882D30077BBA2 /* LaunchScreen.storyboard in Resources */ = {isa = PBXBuildFile; fileRef = 1D32A7DF246882D30077BBA2 /* LaunchScreen.storyboard */; };
		1D32A7EC246882D30077BBA2 /* Cats_by_Evens_TaianTests.swift in Sources */ = {isa = PBXBuildFile; fileRef = 1D32A7EB246882D30077BBA2 /* Cats_by_Evens_TaianTests.swift */; };
		1D32A7F7246882D40077BBA2 /* Cats_by_Evens_TaianUITests.swift in Sources */ = {isa = PBXBuildFile; fileRef = 1D32A7F6246882D40077BBA2 /* Cats_by_Evens_TaianUITests.swift */; };
		1D32A80E246892A30077BBA2 /* cat.json in Resources */ = {isa = PBXBuildFile; fileRef = 1D32A80D246892A30077BBA2 /* cat.json */; };
		1D32A810246894A10077BBA2 /* HomeViewController.swift in Sources */ = {isa = PBXBuildFile; fileRef = 1D32A80F246894A10077BBA2 /* HomeViewController.swift */; };
		1D32A8132468B7950077BBA2 /* CatLoader.swift in Sources */ = {isa = PBXBuildFile; fileRef = 1D32A8122468B7950077BBA2 /* CatLoader.swift */; };
		1D32A8162468C8EE0077BBA2 /* CatCell.swift in Sources */ = {isa = PBXBuildFile; fileRef = 1D32A8152468C8EE0077BBA2 /* CatCell.swift */; };
		1D32A81B2468CBC00077BBA2 /* ViewCode.swift in Sources */ = {isa = PBXBuildFile; fileRef = 1D32A81A2468CBC00077BBA2 /* ViewCode.swift */; };
		1D32A81F2468F7160077BBA2 /* APISettings.swift in Sources */ = {isa = PBXBuildFile; fileRef = 1D32A81E2468F7160077BBA2 /* APISettings.swift */; };
		1D32A8212468F8860077BBA2 /* Cat.swift in Sources */ = {isa = PBXBuildFile; fileRef = 1D32A8202468F8860077BBA2 /* Cat.swift */; };
		1D32A8232468F93E0077BBA2 /* CatImage.swift in Sources */ = {isa = PBXBuildFile; fileRef = 1D32A8222468F93E0077BBA2 /* CatImage.swift */; };
		317BDC905C69A34637D2C294 /* Pods_Cats_by_Evens_TaianTests.framework in Frameworks */ = {isa = PBXBuildFile; fileRef = 5D07A79F5E70D3BB5FBAD79E /* Pods_Cats_by_Evens_TaianTests.framework */; };
		BF331915D20E86ED332D223B /* Pods_Cats_by_Evens_Taian_Cats_by_Evens_TaianUITests.framework in Frameworks */ = {isa = PBXBuildFile; fileRef = D1B9D753300E85FE6AC5F285 /* Pods_Cats_by_Evens_Taian_Cats_by_Evens_TaianUITests.framework */; };
		BFB2FCFCBE084A6B98E7ED51 /* Pods_Cats_by_Evens_Taian.framework in Frameworks */ = {isa = PBXBuildFile; fileRef = 6AC31F5C84E58C5181B3F381 /* Pods_Cats_by_Evens_Taian.framework */; };
/* End PBXBuildFile section */

/* Begin PBXContainerItemProxy section */
		1D32A7E8246882D30077BBA2 /* PBXContainerItemProxy */ = {
			isa = PBXContainerItemProxy;
			containerPortal = 1D32A7C9246882CE0077BBA2 /* Project object */;
			proxyType = 1;
			remoteGlobalIDString = 1D32A7D0246882CE0077BBA2;
			remoteInfo = "Cats by Evens Taian";
		};
		1D32A7F3246882D30077BBA2 /* PBXContainerItemProxy */ = {
			isa = PBXContainerItemProxy;
			containerPortal = 1D32A7C9246882CE0077BBA2 /* Project object */;
			proxyType = 1;
			remoteGlobalIDString = 1D32A7D0246882CE0077BBA2;
			remoteInfo = "Cats by Evens Taian";
		};
/* End PBXContainerItemProxy section */

/* Begin PBXFileReference section */
		1D32A7D1246882CE0077BBA2 /* Cats by Evens Taian.app */ = {isa = PBXFileReference; explicitFileType = wrapper.application; includeInIndex = 0; path = "Cats by Evens Taian.app"; sourceTree = BUILT_PRODUCTS_DIR; };
		1D32A7D4246882CE0077BBA2 /* AppDelegate.swift */ = {isa = PBXFileReference; lastKnownFileType = sourcecode.swift; path = AppDelegate.swift; sourceTree = "<group>"; };
		1D32A7DD246882D30077BBA2 /* Assets.xcassets */ = {isa = PBXFileReference; lastKnownFileType = folder.assetcatalog; path = Assets.xcassets; sourceTree = "<group>"; };
		1D32A7E0246882D30077BBA2 /* Base */ = {isa = PBXFileReference; lastKnownFileType = file.storyboard; name = Base; path = Base.lproj/LaunchScreen.storyboard; sourceTree = "<group>"; };
		1D32A7E2246882D30077BBA2 /* Info.plist */ = {isa = PBXFileReference; lastKnownFileType = text.plist.xml; path = Info.plist; sourceTree = "<group>"; };
		1D32A7E7246882D30077BBA2 /* Cats by Evens TaianTests.xctest */ = {isa = PBXFileReference; explicitFileType = wrapper.cfbundle; includeInIndex = 0; path = "Cats by Evens TaianTests.xctest"; sourceTree = BUILT_PRODUCTS_DIR; };
		1D32A7EB246882D30077BBA2 /* Cats_by_Evens_TaianTests.swift */ = {isa = PBXFileReference; lastKnownFileType = sourcecode.swift; path = Cats_by_Evens_TaianTests.swift; sourceTree = "<group>"; };
		1D32A7ED246882D30077BBA2 /* Info.plist */ = {isa = PBXFileReference; lastKnownFileType = text.plist.xml; path = Info.plist; sourceTree = "<group>"; };
		1D32A7F2246882D30077BBA2 /* Cats by Evens TaianUITests.xctest */ = {isa = PBXFileReference; explicitFileType = wrapper.cfbundle; includeInIndex = 0; path = "Cats by Evens TaianUITests.xctest"; sourceTree = BUILT_PRODUCTS_DIR; };
		1D32A7F6246882D40077BBA2 /* Cats_by_Evens_TaianUITests.swift */ = {isa = PBXFileReference; lastKnownFileType = sourcecode.swift; path = Cats_by_Evens_TaianUITests.swift; sourceTree = "<group>"; };
		1D32A7F8246882D40077BBA2 /* Info.plist */ = {isa = PBXFileReference; lastKnownFileType = text.plist.xml; path = Info.plist; sourceTree = "<group>"; };
		1D32A80D246892A30077BBA2 /* cat.json */ = {isa = PBXFileReference; fileEncoding = 4; lastKnownFileType = text.json; path = cat.json; sourceTree = "<group>"; };
		1D32A80F246894A10077BBA2 /* HomeViewController.swift */ = {isa = PBXFileReference; lastKnownFileType = sourcecode.swift; path = HomeViewController.swift; sourceTree = "<group>"; };
		1D32A8122468B7950077BBA2 /* CatLoader.swift */ = {isa = PBXFileReference; lastKnownFileType = sourcecode.swift; path = CatLoader.swift; sourceTree = "<group>"; };
		1D32A8152468C8EE0077BBA2 /* CatCell.swift */ = {isa = PBXFileReference; lastKnownFileType = sourcecode.swift; path = CatCell.swift; sourceTree = "<group>"; };
		1D32A81A2468CBC00077BBA2 /* ViewCode.swift */ = {isa = PBXFileReference; lastKnownFileType = sourcecode.swift; path = ViewCode.swift; sourceTree = "<group>"; };
		1D32A81E2468F7160077BBA2 /* APISettings.swift */ = {isa = PBXFileReference; lastKnownFileType = sourcecode.swift; path = APISettings.swift; sourceTree = "<group>"; };
		1D32A8202468F8860077BBA2 /* Cat.swift */ = {isa = PBXFileReference; lastKnownFileType = sourcecode.swift; path = Cat.swift; sourceTree = "<group>"; };
		1D32A8222468F93E0077BBA2 /* CatImage.swift */ = {isa = PBXFileReference; lastKnownFileType = sourcecode.swift; path = CatImage.swift; sourceTree = "<group>"; };
		5897CDBE7142FDDE428ED38E /* Pods-Cats by Evens Taian-Cats by Evens TaianUITests.release.xcconfig */ = {isa = PBXFileReference; includeInIndex = 1; lastKnownFileType = text.xcconfig; name = "Pods-Cats by Evens Taian-Cats by Evens TaianUITests.release.xcconfig"; path = "Target Support Files/Pods-Cats by Evens Taian-Cats by Evens TaianUITests/Pods-Cats by Evens Taian-Cats by Evens TaianUITests.release.xcconfig"; sourceTree = "<group>"; };
		5D07A79F5E70D3BB5FBAD79E /* Pods_Cats_by_Evens_TaianTests.framework */ = {isa = PBXFileReference; explicitFileType = wrapper.framework; includeInIndex = 0; path = Pods_Cats_by_Evens_TaianTests.framework; sourceTree = BUILT_PRODUCTS_DIR; };
		6AC31F5C84E58C5181B3F381 /* Pods_Cats_by_Evens_Taian.framework */ = {isa = PBXFileReference; explicitFileType = wrapper.framework; includeInIndex = 0; path = Pods_Cats_by_Evens_Taian.framework; sourceTree = BUILT_PRODUCTS_DIR; };
		A22E2103754C8D97DA9AA904 /* Pods-Cats by Evens Taian.release.xcconfig */ = {isa = PBXFileReference; includeInIndex = 1; lastKnownFileType = text.xcconfig; name = "Pods-Cats by Evens Taian.release.xcconfig"; path = "Target Support Files/Pods-Cats by Evens Taian/Pods-Cats by Evens Taian.release.xcconfig"; sourceTree = "<group>"; };
		ABEDA3534B012F225F8342B6 /* Pods-Cats by Evens Taian.debug.xcconfig */ = {isa = PBXFileReference; includeInIndex = 1; lastKnownFileType = text.xcconfig; name = "Pods-Cats by Evens Taian.debug.xcconfig"; path = "Target Support Files/Pods-Cats by Evens Taian/Pods-Cats by Evens Taian.debug.xcconfig"; sourceTree = "<group>"; };
		D1B9D753300E85FE6AC5F285 /* Pods_Cats_by_Evens_Taian_Cats_by_Evens_TaianUITests.framework */ = {isa = PBXFileReference; explicitFileType = wrapper.framework; includeInIndex = 0; path = Pods_Cats_by_Evens_Taian_Cats_by_Evens_TaianUITests.framework; sourceTree = BUILT_PRODUCTS_DIR; };
		D87939788E077B35153C65DE /* Pods-Cats by Evens TaianTests.release.xcconfig */ = {isa = PBXFileReference; includeInIndex = 1; lastKnownFileType = text.xcconfig; name = "Pods-Cats by Evens TaianTests.release.xcconfig"; path = "Target Support Files/Pods-Cats by Evens TaianTests/Pods-Cats by Evens TaianTests.release.xcconfig"; sourceTree = "<group>"; };
		EC69BDB5ECE661FB26C7FF22 /* Pods-Cats by Evens TaianTests.debug.xcconfig */ = {isa = PBXFileReference; includeInIndex = 1; lastKnownFileType = text.xcconfig; name = "Pods-Cats by Evens TaianTests.debug.xcconfig"; path = "Target Support Files/Pods-Cats by Evens TaianTests/Pods-Cats by Evens TaianTests.debug.xcconfig"; sourceTree = "<group>"; };
		ED7DECF3B0D0141074B815C6 /* Pods-Cats by Evens Taian-Cats by Evens TaianUITests.debug.xcconfig */ = {isa = PBXFileReference; includeInIndex = 1; lastKnownFileType = text.xcconfig; name = "Pods-Cats by Evens Taian-Cats by Evens TaianUITests.debug.xcconfig"; path = "Target Support Files/Pods-Cats by Evens Taian-Cats by Evens TaianUITests/Pods-Cats by Evens Taian-Cats by Evens TaianUITests.debug.xcconfig"; sourceTree = "<group>"; };
/* End PBXFileReference section */

/* Begin PBXFrameworksBuildPhase section */
		1D32A7CE246882CE0077BBA2 /* Frameworks */ = {
			isa = PBXFrameworksBuildPhase;
			buildActionMask = 2147483647;
			files = (
				BFB2FCFCBE084A6B98E7ED51 /* Pods_Cats_by_Evens_Taian.framework in Frameworks */,
			);
			runOnlyForDeploymentPostprocessing = 0;
		};
		1D32A7E4246882D30077BBA2 /* Frameworks */ = {
			isa = PBXFrameworksBuildPhase;
			buildActionMask = 2147483647;
			files = (
				317BDC905C69A34637D2C294 /* Pods_Cats_by_Evens_TaianTests.framework in Frameworks */,
			);
			runOnlyForDeploymentPostprocessing = 0;
		};
		1D32A7EF246882D30077BBA2 /* Frameworks */ = {
			isa = PBXFrameworksBuildPhase;
			buildActionMask = 2147483647;
			files = (
				BF331915D20E86ED332D223B /* Pods_Cats_by_Evens_Taian_Cats_by_Evens_TaianUITests.framework in Frameworks */,
			);
			runOnlyForDeploymentPostprocessing = 0;
		};
/* End PBXFrameworksBuildPhase section */

/* Begin PBXGroup section */
		1D32A7C8246882CE0077BBA2 = {
			isa = PBXGroup;
			children = (
				1D32A7D3246882CE0077BBA2 /* Cats by Evens Taian */,
				1D32A7EA246882D30077BBA2 /* Cats by Evens TaianTests */,
				1D32A7F5246882D40077BBA2 /* Cats by Evens TaianUITests */,
				1D32A7D2246882CE0077BBA2 /* Products */,
				5CB29D370E7435F0D70DA151 /* Pods */,
				8DABC692B9916954B6752AD5 /* Frameworks */,
			);
			sourceTree = "<group>";
		};
		1D32A7D2246882CE0077BBA2 /* Products */ = {
			isa = PBXGroup;
			children = (
				1D32A7D1246882CE0077BBA2 /* Cats by Evens Taian.app */,
				1D32A7E7246882D30077BBA2 /* Cats by Evens TaianTests.xctest */,
				1D32A7F2246882D30077BBA2 /* Cats by Evens TaianUITests.xctest */,
			);
			name = Products;
			sourceTree = "<group>";
		};
		1D32A7D3246882CE0077BBA2 /* Cats by Evens Taian */ = {
			isa = PBXGroup;
			children = (
				1D32A8172468CB7C0077BBA2 /* Protocols */,
				1D32A804246890110077BBA2 /* Application */,
				1D32A8052468902C0077BBA2 /* Networking */,
				1D32A80A246891920077BBA2 /* Controllers */,
				1D32A809246890B80077BBA2 /* ViewModels */,
				1D32A808246890A80077BBA2 /* Models */,
				1D32A8062468903F0077BBA2 /* UIResources */,
				1D32A80B246891BA0077BBA2 /* Resources */,
				1D32A7E2246882D30077BBA2 /* Info.plist */,
			);
			path = "Cats by Evens Taian";
			sourceTree = "<group>";
		};
		1D32A7EA246882D30077BBA2 /* Cats by Evens TaianTests */ = {
			isa = PBXGroup;
			children = (
				1D32A7EB246882D30077BBA2 /* Cats_by_Evens_TaianTests.swift */,
				1D32A7ED246882D30077BBA2 /* Info.plist */,
			);
			path = "Cats by Evens TaianTests";
			sourceTree = "<group>";
		};
		1D32A7F5246882D40077BBA2 /* Cats by Evens TaianUITests */ = {
			isa = PBXGroup;
			children = (
				1D32A7F6246882D40077BBA2 /* Cats_by_Evens_TaianUITests.swift */,
				1D32A7F8246882D40077BBA2 /* Info.plist */,
			);
			path = "Cats by Evens TaianUITests";
			sourceTree = "<group>";
		};
		1D32A804246890110077BBA2 /* Application */ = {
			isa = PBXGroup;
			children = (
				1D32A7D4246882CE0077BBA2 /* AppDelegate.swift */,
			);
			path = Application;
			sourceTree = "<group>";
		};
		1D32A8052468902C0077BBA2 /* Networking */ = {
			isa = PBXGroup;
			children = (
				1D32A81E2468F7160077BBA2 /* APISettings.swift */,
			);
			path = Networking;
			sourceTree = "<group>";
		};
		1D32A8062468903F0077BBA2 /* UIResources */ = {
			isa = PBXGroup;
			children = (
				1D32A8112468B75A0077BBA2 /* Components */,
				1D32A807246890980077BBA2 /* Storyboards */,
			);
			path = UIResources;
			sourceTree = "<group>";
		};
		1D32A807246890980077BBA2 /* Storyboards */ = {
			isa = PBXGroup;
			children = (
				1D32A7DF246882D30077BBA2 /* LaunchScreen.storyboard */,
			);
			path = Storyboards;
			sourceTree = "<group>";
		};
		1D32A808246890A80077BBA2 /* Models */ = {
			isa = PBXGroup;
			children = (
				1D32A8202468F8860077BBA2 /* Cat.swift */,
				1D32A8222468F93E0077BBA2 /* CatImage.swift */,
			);
			path = Models;
			sourceTree = "<group>";
		};
		1D32A809246890B80077BBA2 /* ViewModels */ = {
			isa = PBXGroup;
			children = (
			);
			path = ViewModels;
			sourceTree = "<group>";
		};
		1D32A80A246891920077BBA2 /* Controllers */ = {
			isa = PBXGroup;
			children = (
				1D32A80F246894A10077BBA2 /* HomeViewController.swift */,
			);
			path = Controllers;
			sourceTree = "<group>";
		};
		1D32A80B246891BA0077BBA2 /* Resources */ = {
			isa = PBXGroup;
			children = (
				1D32A80C246891DA0077BBA2 /* Animations */,
				1D32A7DD246882D30077BBA2 /* Assets.xcassets */,
			);
			path = Resources;
			sourceTree = "<group>";
		};
		1D32A80C246891DA0077BBA2 /* Animations */ = {
			isa = PBXGroup;
			children = (
				1D32A80D246892A30077BBA2 /* cat.json */,
			);
			path = Animations;
			sourceTree = "<group>";
		};
		1D32A8112468B75A0077BBA2 /* Components */ = {
			isa = PBXGroup;
			children = (
				1D32A8142468C8C00077BBA2 /* CollectionCells */,
				1D32A8122468B7950077BBA2 /* CatLoader.swift */,
			);
			path = Components;
			sourceTree = "<group>";
		};
		1D32A8142468C8C00077BBA2 /* CollectionCells */ = {
			isa = PBXGroup;
			children = (
				1D32A8152468C8EE0077BBA2 /* CatCell.swift */,
			);
			path = CollectionCells;
			sourceTree = "<group>";
		};
		1D32A8172468CB7C0077BBA2 /* Protocols */ = {
			isa = PBXGroup;
			children = (
				1D32A8182468CB8E0077BBA2 /* Structure */,
			);
			path = Protocols;
			sourceTree = "<group>";
		};
		1D32A8182468CB8E0077BBA2 /* Structure */ = {
			isa = PBXGroup;
			children = (
				1D32A81A2468CBC00077BBA2 /* ViewCode.swift */,
			);
			path = Structure;
			sourceTree = "<group>";
		};
		5CB29D370E7435F0D70DA151 /* Pods */ = {
			isa = PBXGroup;
			children = (
				ABEDA3534B012F225F8342B6 /* Pods-Cats by Evens Taian.debug.xcconfig */,
				A22E2103754C8D97DA9AA904 /* Pods-Cats by Evens Taian.release.xcconfig */,
				ED7DECF3B0D0141074B815C6 /* Pods-Cats by Evens Taian-Cats by Evens TaianUITests.debug.xcconfig */,
				5897CDBE7142FDDE428ED38E /* Pods-Cats by Evens Taian-Cats by Evens TaianUITests.release.xcconfig */,
				EC69BDB5ECE661FB26C7FF22 /* Pods-Cats by Evens TaianTests.debug.xcconfig */,
				D87939788E077B35153C65DE /* Pods-Cats by Evens TaianTests.release.xcconfig */,
			);
			path = Pods;
			sourceTree = "<group>";
		};
		8DABC692B9916954B6752AD5 /* Frameworks */ = {
			isa = PBXGroup;
			children = (
				6AC31F5C84E58C5181B3F381 /* Pods_Cats_by_Evens_Taian.framework */,
				D1B9D753300E85FE6AC5F285 /* Pods_Cats_by_Evens_Taian_Cats_by_Evens_TaianUITests.framework */,
				5D07A79F5E70D3BB5FBAD79E /* Pods_Cats_by_Evens_TaianTests.framework */,
			);
			name = Frameworks;
			sourceTree = "<group>";
		};
/* End PBXGroup section */

/* Begin PBXNativeTarget section */
		1D32A7D0246882CE0077BBA2 /* Cats by Evens Taian */ = {
			isa = PBXNativeTarget;
			buildConfigurationList = 1D32A7FB246882D40077BBA2 /* Build configuration list for PBXNativeTarget "Cats by Evens Taian" */;
			buildPhases = (
				635807E9E4206A177EC7C36F /* [CP] Check Pods Manifest.lock */,
				1D32A7CD246882CE0077BBA2 /* Sources */,
				1D32A7CE246882CE0077BBA2 /* Frameworks */,
				1D32A7CF246882CE0077BBA2 /* Resources */,
				125FB5F3AF47A6AAE5FFFAA6 /* [CP] Embed Pods Frameworks */,
			);
			buildRules = (
			);
			dependencies = (
			);
			name = "Cats by Evens Taian";
			productName = "Cats by Evens Taian";
			productReference = 1D32A7D1246882CE0077BBA2 /* Cats by Evens Taian.app */;
			productType = "com.apple.product-type.application";
		};
		1D32A7E6246882D30077BBA2 /* Cats by Evens TaianTests */ = {
			isa = PBXNativeTarget;
			buildConfigurationList = 1D32A7FE246882D40077BBA2 /* Build configuration list for PBXNativeTarget "Cats by Evens TaianTests" */;
			buildPhases = (
				4696EE6ACD154F142F81AEB6 /* [CP] Check Pods Manifest.lock */,
				1D32A7E3246882D30077BBA2 /* Sources */,
				1D32A7E4246882D30077BBA2 /* Frameworks */,
				1D32A7E5246882D30077BBA2 /* Resources */,
			);
			buildRules = (
			);
			dependencies = (
				1D32A7E9246882D30077BBA2 /* PBXTargetDependency */,
			);
			name = "Cats by Evens TaianTests";
			productName = "Cats by Evens TaianTests";
			productReference = 1D32A7E7246882D30077BBA2 /* Cats by Evens TaianTests.xctest */;
			productType = "com.apple.product-type.bundle.unit-test";
		};
		1D32A7F1246882D30077BBA2 /* Cats by Evens TaianUITests */ = {
			isa = PBXNativeTarget;
			buildConfigurationList = 1D32A801246882D40077BBA2 /* Build configuration list for PBXNativeTarget "Cats by Evens TaianUITests" */;
			buildPhases = (
				79EDD03AF60EF199C51A3858 /* [CP] Check Pods Manifest.lock */,
				1D32A7EE246882D30077BBA2 /* Sources */,
				1D32A7EF246882D30077BBA2 /* Frameworks */,
				1D32A7F0246882D30077BBA2 /* Resources */,
				BCFBA82AF6B1E491A3A05040 /* [CP] Embed Pods Frameworks */,
			);
			buildRules = (
			);
			dependencies = (
				1D32A7F4246882D30077BBA2 /* PBXTargetDependency */,
			);
			name = "Cats by Evens TaianUITests";
			productName = "Cats by Evens TaianUITests";
			productReference = 1D32A7F2246882D30077BBA2 /* Cats by Evens TaianUITests.xctest */;
			productType = "com.apple.product-type.bundle.ui-testing";
		};
/* End PBXNativeTarget section */

/* Begin PBXProject section */
		1D32A7C9246882CE0077BBA2 /* Project object */ = {
			isa = PBXProject;
			attributes = {
				LastSwiftUpdateCheck = 1140;
				LastUpgradeCheck = 1140;
				ORGANIZATIONNAME = "Evens Taian";
				TargetAttributes = {
					1D32A7D0246882CE0077BBA2 = {
						CreatedOnToolsVersion = 11.4.1;
					};
					1D32A7E6246882D30077BBA2 = {
						CreatedOnToolsVersion = 11.4.1;
						TestTargetID = 1D32A7D0246882CE0077BBA2;
					};
					1D32A7F1246882D30077BBA2 = {
						CreatedOnToolsVersion = 11.4.1;
						TestTargetID = 1D32A7D0246882CE0077BBA2;
					};
				};
			};
			buildConfigurationList = 1D32A7CC246882CE0077BBA2 /* Build configuration list for PBXProject "Cats by Evens Taian" */;
			compatibilityVersion = "Xcode 9.3";
			developmentRegion = en;
			hasScannedForEncodings = 0;
			knownRegions = (
				en,
				Base,
			);
			mainGroup = 1D32A7C8246882CE0077BBA2;
			productRefGroup = 1D32A7D2246882CE0077BBA2 /* Products */;
			projectDirPath = "";
			projectRoot = "";
			targets = (
				1D32A7D0246882CE0077BBA2 /* Cats by Evens Taian */,
				1D32A7E6246882D30077BBA2 /* Cats by Evens TaianTests */,
				1D32A7F1246882D30077BBA2 /* Cats by Evens TaianUITests */,
			);
		};
/* End PBXProject section */

/* Begin PBXResourcesBuildPhase section */
		1D32A7CF246882CE0077BBA2 /* Resources */ = {
			isa = PBXResourcesBuildPhase;
			buildActionMask = 2147483647;
			files = (
				1D32A7E1246882D30077BBA2 /* LaunchScreen.storyboard in Resources */,
				1D32A7DE246882D30077BBA2 /* Assets.xcassets in Resources */,
				1D32A80E246892A30077BBA2 /* cat.json in Resources */,
			);
			runOnlyForDeploymentPostprocessing = 0;
		};
		1D32A7E5246882D30077BBA2 /* Resources */ = {
			isa = PBXResourcesBuildPhase;
			buildActionMask = 2147483647;
			files = (
			);
			runOnlyForDeploymentPostprocessing = 0;
		};
		1D32A7F0246882D30077BBA2 /* Resources */ = {
			isa = PBXResourcesBuildPhase;
			buildActionMask = 2147483647;
			files = (
			);
			runOnlyForDeploymentPostprocessing = 0;
		};
/* End PBXResourcesBuildPhase section */

/* Begin PBXShellScriptBuildPhase section */
		125FB5F3AF47A6AAE5FFFAA6 /* [CP] Embed Pods Frameworks */ = {
			isa = PBXShellScriptBuildPhase;
			buildActionMask = 2147483647;
			files = (
			);
			inputFileListPaths = (
				"${PODS_ROOT}/Target Support Files/Pods-Cats by Evens Taian/Pods-Cats by Evens Taian-frameworks-${CONFIGURATION}-input-files.xcfilelist",
			);
			name = "[CP] Embed Pods Frameworks";
			outputFileListPaths = (
				"${PODS_ROOT}/Target Support Files/Pods-Cats by Evens Taian/Pods-Cats by Evens Taian-frameworks-${CONFIGURATION}-output-files.xcfilelist",
			);
			runOnlyForDeploymentPostprocessing = 0;
			shellPath = /bin/sh;
			shellScript = "\"${PODS_ROOT}/Target Support Files/Pods-Cats by Evens Taian/Pods-Cats by Evens Taian-frameworks.sh\"\n";
			showEnvVarsInLog = 0;
		};
		4696EE6ACD154F142F81AEB6 /* [CP] Check Pods Manifest.lock */ = {
			isa = PBXShellScriptBuildPhase;
			buildActionMask = 2147483647;
			files = (
			);
			inputFileListPaths = (
			);
			inputPaths = (
				"${PODS_PODFILE_DIR_PATH}/Podfile.lock",
				"${PODS_ROOT}/Manifest.lock",
			);
			name = "[CP] Check Pods Manifest.lock";
			outputFileListPaths = (
			);
			outputPaths = (
				"$(DERIVED_FILE_DIR)/Pods-Cats by Evens TaianTests-checkManifestLockResult.txt",
			);
			runOnlyForDeploymentPostprocessing = 0;
			shellPath = /bin/sh;
			shellScript = "diff \"${PODS_PODFILE_DIR_PATH}/Podfile.lock\" \"${PODS_ROOT}/Manifest.lock\" > /dev/null\nif [ $? != 0 ] ; then\n    # print error to STDERR\n    echo \"error: The sandbox is not in sync with the Podfile.lock. Run 'pod install' or update your CocoaPods installation.\" >&2\n    exit 1\nfi\n# This output is used by Xcode 'outputs' to avoid re-running this script phase.\necho \"SUCCESS\" > \"${SCRIPT_OUTPUT_FILE_0}\"\n";
			showEnvVarsInLog = 0;
		};
		635807E9E4206A177EC7C36F /* [CP] Check Pods Manifest.lock */ = {
			isa = PBXShellScriptBuildPhase;
			buildActionMask = 2147483647;
			files = (
			);
			inputFileListPaths = (
			);
			inputPaths = (
				"${PODS_PODFILE_DIR_PATH}/Podfile.lock",
				"${PODS_ROOT}/Manifest.lock",
			);
			name = "[CP] Check Pods Manifest.lock";
			outputFileListPaths = (
			);
			outputPaths = (
				"$(DERIVED_FILE_DIR)/Pods-Cats by Evens Taian-checkManifestLockResult.txt",
			);
			runOnlyForDeploymentPostprocessing = 0;
			shellPath = /bin/sh;
			shellScript = "diff \"${PODS_PODFILE_DIR_PATH}/Podfile.lock\" \"${PODS_ROOT}/Manifest.lock\" > /dev/null\nif [ $? != 0 ] ; then\n    # print error to STDERR\n    echo \"error: The sandbox is not in sync with the Podfile.lock. Run 'pod install' or update your CocoaPods installation.\" >&2\n    exit 1\nfi\n# This output is used by Xcode 'outputs' to avoid re-running this script phase.\necho \"SUCCESS\" > \"${SCRIPT_OUTPUT_FILE_0}\"\n";
			showEnvVarsInLog = 0;
		};
		79EDD03AF60EF199C51A3858 /* [CP] Check Pods Manifest.lock */ = {
			isa = PBXShellScriptBuildPhase;
			buildActionMask = 2147483647;
			files = (
			);
			inputFileListPaths = (
			);
			inputPaths = (
				"${PODS_PODFILE_DIR_PATH}/Podfile.lock",
				"${PODS_ROOT}/Manifest.lock",
			);
			name = "[CP] Check Pods Manifest.lock";
			outputFileListPaths = (
			);
			outputPaths = (
				"$(DERIVED_FILE_DIR)/Pods-Cats by Evens Taian-Cats by Evens TaianUITests-checkManifestLockResult.txt",
			);
			runOnlyForDeploymentPostprocessing = 0;
			shellPath = /bin/sh;
			shellScript = "diff \"${PODS_PODFILE_DIR_PATH}/Podfile.lock\" \"${PODS_ROOT}/Manifest.lock\" > /dev/null\nif [ $? != 0 ] ; then\n    # print error to STDERR\n    echo \"error: The sandbox is not in sync with the Podfile.lock. Run 'pod install' or update your CocoaPods installation.\" >&2\n    exit 1\nfi\n# This output is used by Xcode 'outputs' to avoid re-running this script phase.\necho \"SUCCESS\" > \"${SCRIPT_OUTPUT_FILE_0}\"\n";
			showEnvVarsInLog = 0;
		};
		BCFBA82AF6B1E491A3A05040 /* [CP] Embed Pods Frameworks */ = {
			isa = PBXShellScriptBuildPhase;
			buildActionMask = 2147483647;
			files = (
			);
			inputFileListPaths = (
				"${PODS_ROOT}/Target Support Files/Pods-Cats by Evens Taian-Cats by Evens TaianUITests/Pods-Cats by Evens Taian-Cats by Evens TaianUITests-frameworks-${CONFIGURATION}-input-files.xcfilelist",
			);
			name = "[CP] Embed Pods Frameworks";
			outputFileListPaths = (
				"${PODS_ROOT}/Target Support Files/Pods-Cats by Evens Taian-Cats by Evens TaianUITests/Pods-Cats by Evens Taian-Cats by Evens TaianUITests-frameworks-${CONFIGURATION}-output-files.xcfilelist",
			);
			runOnlyForDeploymentPostprocessing = 0;
			shellPath = /bin/sh;
			shellScript = "\"${PODS_ROOT}/Target Support Files/Pods-Cats by Evens Taian-Cats by Evens TaianUITests/Pods-Cats by Evens Taian-Cats by Evens TaianUITests-frameworks.sh\"\n";
			showEnvVarsInLog = 0;
		};
/* End PBXShellScriptBuildPhase section */

/* Begin PBXSourcesBuildPhase section */
		1D32A7CD246882CE0077BBA2 /* Sources */ = {
			isa = PBXSourcesBuildPhase;
			buildActionMask = 2147483647;
			files = (
				1D32A8162468C8EE0077BBA2 /* CatCell.swift in Sources */,
				1D32A81B2468CBC00077BBA2 /* ViewCode.swift in Sources */,
				1D32A7D5246882CE0077BBA2 /* AppDelegate.swift in Sources */,
				1D32A8132468B7950077BBA2 /* CatLoader.swift in Sources */,
				1D32A8232468F93E0077BBA2 /* CatImage.swift in Sources */,
				1D32A810246894A10077BBA2 /* HomeViewController.swift in Sources */,
				1D32A81F2468F7160077BBA2 /* APISettings.swift in Sources */,
				1D32A8212468F8860077BBA2 /* Cat.swift in Sources */,
			);
			runOnlyForDeploymentPostprocessing = 0;
		};
		1D32A7E3246882D30077BBA2 /* Sources */ = {
			isa = PBXSourcesBuildPhase;
			buildActionMask = 2147483647;
			files = (
				1D32A7EC246882D30077BBA2 /* Cats_by_Evens_TaianTests.swift in Sources */,
			);
			runOnlyForDeploymentPostprocessing = 0;
		};
		1D32A7EE246882D30077BBA2 /* Sources */ = {
			isa = PBXSourcesBuildPhase;
			buildActionMask = 2147483647;
			files = (
				1D32A7F7246882D40077BBA2 /* Cats_by_Evens_TaianUITests.swift in Sources */,
			);
			runOnlyForDeploymentPostprocessing = 0;
		};
/* End PBXSourcesBuildPhase section */

/* Begin PBXTargetDependency section */
		1D32A7E9246882D30077BBA2 /* PBXTargetDependency */ = {
			isa = PBXTargetDependency;
			target = 1D32A7D0246882CE0077BBA2 /* Cats by Evens Taian */;
			targetProxy = 1D32A7E8246882D30077BBA2 /* PBXContainerItemProxy */;
		};
		1D32A7F4246882D30077BBA2 /* PBXTargetDependency */ = {
			isa = PBXTargetDependency;
			target = 1D32A7D0246882CE0077BBA2 /* Cats by Evens Taian */;
			targetProxy = 1D32A7F3246882D30077BBA2 /* PBXContainerItemProxy */;
		};
/* End PBXTargetDependency section */

/* Begin PBXVariantGroup section */
		1D32A7DF246882D30077BBA2 /* LaunchScreen.storyboard */ = {
			isa = PBXVariantGroup;
			children = (
				1D32A7E0246882D30077BBA2 /* Base */,
			);
			name = LaunchScreen.storyboard;
			sourceTree = "<group>";
		};
/* End PBXVariantGroup section */

/* Begin XCBuildConfiguration section */
		1D32A7F9246882D40077BBA2 /* Debug */ = {
			isa = XCBuildConfiguration;
			buildSettings = {
				ALWAYS_SEARCH_USER_PATHS = NO;
				CLANG_ANALYZER_NONNULL = YES;
				CLANG_ANALYZER_NUMBER_OBJECT_CONVERSION = YES_AGGRESSIVE;
				CLANG_CXX_LANGUAGE_STANDARD = "gnu++14";
				CLANG_CXX_LIBRARY = "libc++";
				CLANG_ENABLE_MODULES = YES;
				CLANG_ENABLE_OBJC_ARC = YES;
				CLANG_ENABLE_OBJC_WEAK = YES;
				CLANG_WARN_BLOCK_CAPTURE_AUTORELEASING = YES;
				CLANG_WARN_BOOL_CONVERSION = YES;
				CLANG_WARN_COMMA = YES;
				CLANG_WARN_CONSTANT_CONVERSION = YES;
				CLANG_WARN_DEPRECATED_OBJC_IMPLEMENTATIONS = YES;
				CLANG_WARN_DIRECT_OBJC_ISA_USAGE = YES_ERROR;
				CLANG_WARN_DOCUMENTATION_COMMENTS = YES;
				CLANG_WARN_EMPTY_BODY = YES;
				CLANG_WARN_ENUM_CONVERSION = YES;
				CLANG_WARN_INFINITE_RECURSION = YES;
				CLANG_WARN_INT_CONVERSION = YES;
				CLANG_WARN_NON_LITERAL_NULL_CONVERSION = YES;
				CLANG_WARN_OBJC_IMPLICIT_RETAIN_SELF = YES;
				CLANG_WARN_OBJC_LITERAL_CONVERSION = YES;
				CLANG_WARN_OBJC_ROOT_CLASS = YES_ERROR;
				CLANG_WARN_RANGE_LOOP_ANALYSIS = YES;
				CLANG_WARN_STRICT_PROTOTYPES = YES;
				CLANG_WARN_SUSPICIOUS_MOVE = YES;
				CLANG_WARN_UNGUARDED_AVAILABILITY = YES_AGGRESSIVE;
				CLANG_WARN_UNREACHABLE_CODE = YES;
				CLANG_WARN__DUPLICATE_METHOD_MATCH = YES;
				COPY_PHASE_STRIP = NO;
				DEBUG_INFORMATION_FORMAT = dwarf;
				ENABLE_STRICT_OBJC_MSGSEND = YES;
				ENABLE_TESTABILITY = YES;
				GCC_C_LANGUAGE_STANDARD = gnu11;
				GCC_DYNAMIC_NO_PIC = NO;
				GCC_NO_COMMON_BLOCKS = YES;
				GCC_OPTIMIZATION_LEVEL = 0;
				GCC_PREPROCESSOR_DEFINITIONS = (
					"DEBUG=1",
					"$(inherited)",
				);
				GCC_WARN_64_TO_32_BIT_CONVERSION = YES;
				GCC_WARN_ABOUT_RETURN_TYPE = YES_ERROR;
				GCC_WARN_UNDECLARED_SELECTOR = YES;
				GCC_WARN_UNINITIALIZED_AUTOS = YES_AGGRESSIVE;
				GCC_WARN_UNUSED_FUNCTION = YES;
				GCC_WARN_UNUSED_VARIABLE = YES;
				IPHONEOS_DEPLOYMENT_TARGET = 13.4;
				MTL_ENABLE_DEBUG_INFO = INCLUDE_SOURCE;
				MTL_FAST_MATH = YES;
				ONLY_ACTIVE_ARCH = YES;
				SDKROOT = iphoneos;
				SWIFT_ACTIVE_COMPILATION_CONDITIONS = DEBUG;
				SWIFT_OPTIMIZATION_LEVEL = "-Onone";
			};
			name = Debug;
		};
		1D32A7FA246882D40077BBA2 /* Release */ = {
			isa = XCBuildConfiguration;
			buildSettings = {
				ALWAYS_SEARCH_USER_PATHS = NO;
				CLANG_ANALYZER_NONNULL = YES;
				CLANG_ANALYZER_NUMBER_OBJECT_CONVERSION = YES_AGGRESSIVE;
				CLANG_CXX_LANGUAGE_STANDARD = "gnu++14";
				CLANG_CXX_LIBRARY = "libc++";
				CLANG_ENABLE_MODULES = YES;
				CLANG_ENABLE_OBJC_ARC = YES;
				CLANG_ENABLE_OBJC_WEAK = YES;
				CLANG_WARN_BLOCK_CAPTURE_AUTORELEASING = YES;
				CLANG_WARN_BOOL_CONVERSION = YES;
				CLANG_WARN_COMMA = YES;
				CLANG_WARN_CONSTANT_CONVERSION = YES;
				CLANG_WARN_DEPRECATED_OBJC_IMPLEMENTATIONS = YES;
				CLANG_WARN_DIRECT_OBJC_ISA_USAGE = YES_ERROR;
				CLANG_WARN_DOCUMENTATION_COMMENTS = YES;
				CLANG_WARN_EMPTY_BODY = YES;
				CLANG_WARN_ENUM_CONVERSION = YES;
				CLANG_WARN_INFINITE_RECURSION = YES;
				CLANG_WARN_INT_CONVERSION = YES;
				CLANG_WARN_NON_LITERAL_NULL_CONVERSION = YES;
				CLANG_WARN_OBJC_IMPLICIT_RETAIN_SELF = YES;
				CLANG_WARN_OBJC_LITERAL_CONVERSION = YES;
				CLANG_WARN_OBJC_ROOT_CLASS = YES_ERROR;
				CLANG_WARN_RANGE_LOOP_ANALYSIS = YES;
				CLANG_WARN_STRICT_PROTOTYPES = YES;
				CLANG_WARN_SUSPICIOUS_MOVE = YES;
				CLANG_WARN_UNGUARDED_AVAILABILITY = YES_AGGRESSIVE;
				CLANG_WARN_UNREACHABLE_CODE = YES;
				CLANG_WARN__DUPLICATE_METHOD_MATCH = YES;
				COPY_PHASE_STRIP = NO;
				DEBUG_INFORMATION_FORMAT = "dwarf-with-dsym";
				ENABLE_NS_ASSERTIONS = NO;
				ENABLE_STRICT_OBJC_MSGSEND = YES;
				GCC_C_LANGUAGE_STANDARD = gnu11;
				GCC_NO_COMMON_BLOCKS = YES;
				GCC_WARN_64_TO_32_BIT_CONVERSION = YES;
				GCC_WARN_ABOUT_RETURN_TYPE = YES_ERROR;
				GCC_WARN_UNDECLARED_SELECTOR = YES;
				GCC_WARN_UNINITIALIZED_AUTOS = YES_AGGRESSIVE;
				GCC_WARN_UNUSED_FUNCTION = YES;
				GCC_WARN_UNUSED_VARIABLE = YES;
				IPHONEOS_DEPLOYMENT_TARGET = 13.4;
				MTL_ENABLE_DEBUG_INFO = NO;
				MTL_FAST_MATH = YES;
				SDKROOT = iphoneos;
				SWIFT_COMPILATION_MODE = wholemodule;
				SWIFT_OPTIMIZATION_LEVEL = "-O";
				VALIDATE_PRODUCT = YES;
			};
			name = Release;
		};
		1D32A7FC246882D40077BBA2 /* Debug */ = {
			isa = XCBuildConfiguration;
			baseConfigurationReference = ABEDA3534B012F225F8342B6 /* Pods-Cats by Evens Taian.debug.xcconfig */;
			buildSettings = {
				ASSETCATALOG_COMPILER_APPICON_NAME = AppIcon;
				CODE_SIGN_IDENTITY = "Apple Development";
				CODE_SIGN_STYLE = Automatic;
				DEVELOPMENT_TEAM = F5R22Q6K56;
				INFOPLIST_FILE = "Cats by Evens Taian/Info.plist";
				IPHONEOS_DEPLOYMENT_TARGET = 13.1;
				LD_RUNPATH_SEARCH_PATHS = (
					"$(inherited)",
					"@executable_path/Frameworks",
				);
				PRODUCT_BUNDLE_IDENTIFIER = "com.evenstaian.Cats-by-Evens-Taian";
				PRODUCT_NAME = "$(TARGET_NAME)";
				PROVISIONING_PROFILE_SPECIFIER = "";
				SWIFT_VERSION = 5.0;
				TARGETED_DEVICE_FAMILY = "1,2";
			};
			name = Debug;
		};
		1D32A7FD246882D40077BBA2 /* Release */ = {
			isa = XCBuildConfiguration;
			baseConfigurationReference = A22E2103754C8D97DA9AA904 /* Pods-Cats by Evens Taian.release.xcconfig */;
			buildSettings = {
				ASSETCATALOG_COMPILER_APPICON_NAME = AppIcon;
				CODE_SIGN_IDENTITY = "Apple Development";
				CODE_SIGN_STYLE = Automatic;
				DEVELOPMENT_TEAM = F5R22Q6K56;
				INFOPLIST_FILE = "Cats by Evens Taian/Info.plist";
				IPHONEOS_DEPLOYMENT_TARGET = 13.1;
				LD_RUNPATH_SEARCH_PATHS = (
					"$(inherited)",
					"@executable_path/Frameworks",
				);
				PRODUCT_BUNDLE_IDENTIFIER = "com.evenstaian.Cats-by-Evens-Taian";
				PRODUCT_NAME = "$(TARGET_NAME)";
				PROVISIONING_PROFILE_SPECIFIER = "";
				SWIFT_VERSION = 5.0;
				TARGETED_DEVICE_FAMILY = "1,2";
			};
			name = Release;
		};
		1D32A7FF246882D40077BBA2 /* Debug */ = {
			isa = XCBuildConfiguration;
			baseConfigurationReference = EC69BDB5ECE661FB26C7FF22 /* Pods-Cats by Evens TaianTests.debug.xcconfig */;
			buildSettings = {
				ALWAYS_EMBED_SWIFT_STANDARD_LIBRARIES = YES;
				BUNDLE_LOADER = "$(TEST_HOST)";
				CODE_SIGN_STYLE = Automatic;
				DEVELOPMENT_TEAM = NKZKJG4ZLT;
				INFOPLIST_FILE = "Cats by Evens TaianTests/Info.plist";
				IPHONEOS_DEPLOYMENT_TARGET = 13.4;
				LD_RUNPATH_SEARCH_PATHS = (
					"$(inherited)",
					"@executable_path/Frameworks",
					"@loader_path/Frameworks",
				);
				PRODUCT_BUNDLE_IDENTIFIER = "com.evenstaian.Cats-by-Evens-TaianTests";
				PRODUCT_NAME = "$(TARGET_NAME)";
				SWIFT_VERSION = 5.0;
				TARGETED_DEVICE_FAMILY = "1,2";
				TEST_HOST = "$(BUILT_PRODUCTS_DIR)/Cats by Evens Taian.app/Cats by Evens Taian";
			};
			name = Debug;
		};
		1D32A800246882D40077BBA2 /* Release */ = {
			isa = XCBuildConfiguration;
			baseConfigurationReference = D87939788E077B35153C65DE /* Pods-Cats by Evens TaianTests.release.xcconfig */;
			buildSettings = {
				ALWAYS_EMBED_SWIFT_STANDARD_LIBRARIES = YES;
				BUNDLE_LOADER = "$(TEST_HOST)";
				CODE_SIGN_STYLE = Automatic;
				DEVELOPMENT_TEAM = NKZKJG4ZLT;
				INFOPLIST_FILE = "Cats by Evens TaianTests/Info.plist";
				IPHONEOS_DEPLOYMENT_TARGET = 13.4;
				LD_RUNPATH_SEARCH_PATHS = (
					"$(inherited)",
					"@executable_path/Frameworks",
					"@loader_path/Frameworks",
				);
				PRODUCT_BUNDLE_IDENTIFIER = "com.evenstaian.Cats-by-Evens-TaianTests";
				PRODUCT_NAME = "$(TARGET_NAME)";
				SWIFT_VERSION = 5.0;
				TARGETED_DEVICE_FAMILY = "1,2";
				TEST_HOST = "$(BUILT_PRODUCTS_DIR)/Cats by Evens Taian.app/Cats by Evens Taian";
			};
			name = Release;
		};
		1D32A802246882D40077BBA2 /* Debug */ = {
			isa = XCBuildConfiguration;
			baseConfigurationReference = ED7DECF3B0D0141074B815C6 /* Pods-Cats by Evens Taian-Cats by Evens TaianUITests.debug.xcconfig */;
			buildSettings = {
				ALWAYS_EMBED_SWIFT_STANDARD_LIBRARIES = YES;
				CODE_SIGN_STYLE = Automatic;
				DEVELOPMENT_TEAM = NKZKJG4ZLT;
				INFOPLIST_FILE = "Cats by Evens TaianUITests/Info.plist";
				LD_RUNPATH_SEARCH_PATHS = (
					"$(inherited)",
					"@executable_path/Frameworks",
					"@loader_path/Frameworks",
				);
				PRODUCT_BUNDLE_IDENTIFIER = "com.evenstaian.Cats-by-Evens-TaianUITests";
				PRODUCT_NAME = "$(TARGET_NAME)";
				SWIFT_VERSION = 5.0;
				TARGETED_DEVICE_FAMILY = "1,2";
				TEST_TARGET_NAME = "Cats by Evens Taian";
			};
			name = Debug;
		};
		1D32A803246882D40077BBA2 /* Release */ = {
			isa = XCBuildConfiguration;
			baseConfigurationReference = 5897CDBE7142FDDE428ED38E /* Pods-Cats by Evens Taian-Cats by Evens TaianUITests.release.xcconfig */;
			buildSettings = {
				ALWAYS_EMBED_SWIFT_STANDARD_LIBRARIES = YES;
				CODE_SIGN_STYLE = Automatic;
				DEVELOPMENT_TEAM = NKZKJG4ZLT;
				INFOPLIST_FILE = "Cats by Evens TaianUITests/Info.plist";
				LD_RUNPATH_SEARCH_PATHS = (
					"$(inherited)",
					"@executable_path/Frameworks",
					"@loader_path/Frameworks",
				);
				PRODUCT_BUNDLE_IDENTIFIER = "com.evenstaian.Cats-by-Evens-TaianUITests";
				PRODUCT_NAME = "$(TARGET_NAME)";
				SWIFT_VERSION = 5.0;
				TARGETED_DEVICE_FAMILY = "1,2";
				TEST_TARGET_NAME = "Cats by Evens Taian";
			};
			name = Release;
		};
/* End XCBuildConfiguration section */

/* Begin XCConfigurationList section */
		1D32A7CC246882CE0077BBA2 /* Build configuration list for PBXProject "Cats by Evens Taian" */ = {
			isa = XCConfigurationList;
			buildConfigurations = (
				1D32A7F9246882D40077BBA2 /* Debug */,
				1D32A7FA246882D40077BBA2 /* Release */,
			);
			defaultConfigurationIsVisible = 0;
			defaultConfigurationName = Release;
		};
		1D32A7FB246882D40077BBA2 /* Build configuration list for PBXNativeTarget "Cats by Evens Taian" */ = {
			isa = XCConfigurationList;
			buildConfigurations = (
				1D32A7FC246882D40077BBA2 /* Debug */,
				1D32A7FD246882D40077BBA2 /* Release */,
			);
			defaultConfigurationIsVisible = 0;
			defaultConfigurationName = Release;
		};
		1D32A7FE246882D40077BBA2 /* Build configuration list for PBXNativeTarget "Cats by Evens TaianTests" */ = {
			isa = XCConfigurationList;
			buildConfigurations = (
				1D32A7FF246882D40077BBA2 /* Debug */,
				1D32A800246882D40077BBA2 /* Release */,
			);
			defaultConfigurationIsVisible = 0;
			defaultConfigurationName = Release;
		};
		1D32A801246882D40077BBA2 /* Build configuration list for PBXNativeTarget "Cats by Evens TaianUITests" */ = {
			isa = XCConfigurationList;
			buildConfigurations = (
				1D32A802246882D40077BBA2 /* Debug */,
				1D32A803246882D40077BBA2 /* Release */,
			);
			defaultConfigurationIsVisible = 0;
			defaultConfigurationName = Release;
		};
/* End XCConfigurationList section */
	};
	rootObject = 1D32A7C9246882CE0077BBA2 /* Project object */;
}
